
Microsoft Visual Studio Solution File, Format Version 12.00
# Visual Studio Version 16
VisualStudioVersion = 16.0.30804.86
MinimumVisualStudioVersion = 10.0.40219.1
Project("{FAE04EC0-301F-11D3-BF4B-00C04F79EFBC}") = "Odev5", "Odev5\Odev5.csproj", "{DA27BF89-079F-4CA6-B261-1C1F75BAA672}"
EndProject
Global
	GlobalSection(SolutionConfigurationPlatforms) = preSolution
		Debug|Any CPU = Debug|Any CPU
		Release|Any CPU = Release|Any CPU
	EndGlobalSection
	GlobalSection(ProjectConfigurationPlatforms) = postSolution
		{DA27BF89-079F-4CA6-B261-1C1F75BAA672}.Debug|Any CPU.ActiveCfg = Debug|Any CPU
		{DA27BF89-079F-4CA6-B261-1C1F75BAA672}.Debug|Any CPU.Build.0 = Debug|Any CPU
		{DA27BF89-079F-4CA6-B261-1C1F75BAA672}.Release|Any CPU.ActiveCfg = Release|Any CPU
		{DA27BF89-079F-4CA6-B261-1C1F75BAA672}.Release|Any CPU.Build.0 = Release|Any CPU
	EndGlobalSection
	GlobalSection(SolutionProperties) = preSolution
		HideSolutionNode = FALSE
	EndGlobalSection
	GlobalSection(ExtensibilityGlobals) = postSolution
		SolutionGuid = {E67D113F-632B-4503-9081-CFAF03FD7FC9}
	EndGlobalSection
EndGlobal
